{
  "pins" : [
    {
      "identity" : "bootstrapstarter",
      "kind" : "remoteSourceControl",
      "location" : "https://github.com/tomieq/BootstrapStarter",
      "state" : {
        "revision" : "8ce2045226527cda984b05ce25077edc0ff36e9a",
        "version" : "1.0.0"
      }
    },
    {
      "identity" : "swifter",
      "kind" : "remoteSourceControl",
      "location" : "https://github.com/tomieq/swifter",
      "state" : {
        "revision" : "ffff1a44052e14c470cbeab3e828e2dd81beb5ba",
        "version" : "2.0.3"
      }
    },
    {
      "identity" : "template.swift",
      "kind" : "remoteSourceControl",
      "location" : "https://github.com/tomieq/Template.swift.git",
      "state" : {
        "revision" : "27fa5124121e70c9b604969e4f0eb1afc3ee6066",
        "version" : "1.5.1"
      }
    }
  ],
  "version" : 2
}
